
Microsoft Visual Studio Solution File, Format Version 12.00
# Visual Studio Version 17
VisualStudioVersion = 17.3.32811.315
MinimumVisualStudioVersion = 10.0.40219.1
Project("{FAE04EC0-301F-11D3-BF4B-00C04F79EFBC}") = "ClaseDemoApp", "ClaseDemoApp\ClaseDemoApp.csproj", "{C4A9D5B4-F7BC-4EA8-A0E1-5D9B92A8104A}"
EndProject
Project("{FAE04EC0-301F-11D3-BF4B-00C04F79EFBC}") = "Entidades", "Entidades\Entidades.csproj", "{14F1E1B0-1DC8-4013-86D5-9E99C4230A03}"
EndProject
Global
	GlobalSection(SolutionConfigurationPlatforms) = preSolution
		Debug|Any CPU = Debug|Any CPU
		Release|Any CPU = Release|Any CPU
	EndGlobalSection
	GlobalSection(ProjectConfigurationPlatforms) = postSolution
		{C4A9D5B4-F7BC-4EA8-A0E1-5D9B92A8104A}.Debug|Any CPU.ActiveCfg = Debug|Any CPU
		{C4A9D5B4-F7BC-4EA8-A0E1-5D9B92A8104A}.Debug|Any CPU.Build.0 = Debug|Any CPU
		{C4A9D5B4-F7BC-4EA8-A0E1-5D9B92A8104A}.Release|Any CPU.ActiveCfg = Release|Any CPU
		{C4A9D5B4-F7BC-4EA8-A0E1-5D9B92A8104A}.Release|Any CPU.Build.0 = Release|Any CPU
		{14F1E1B0-1DC8-4013-86D5-9E99C4230A03}.Debug|Any CPU.ActiveCfg = Debug|Any CPU
		{14F1E1B0-1DC8-4013-86D5-9E99C4230A03}.Debug|Any CPU.Build.0 = Debug|Any CPU
		{14F1E1B0-1DC8-4013-86D5-9E99C4230A03}.Release|Any CPU.ActiveCfg = Release|Any CPU
		{14F1E1B0-1DC8-4013-86D5-9E99C4230A03}.Release|Any CPU.Build.0 = Release|Any CPU
	EndGlobalSection
	GlobalSection(SolutionProperties) = preSolution
		HideSolutionNode = FALSE
	EndGlobalSection
	GlobalSection(ExtensibilityGlobals) = postSolution
		SolutionGuid = {2E209639-1204-4990-9F7A-2EF1F2AD98EA}
	EndGlobalSection
EndGlobal
